
Microsoft Visual Studio Solution File, Format Version 12.00
# Visual Studio 14
VisualStudioVersion = 14.0.24720.0
MinimumVisualStudioVersion = 10.0.40219.1
Project("{FAE04EC0-301F-11D3-BF4B-00C04F79EFBC}") = "CakeBuild", "CakeBuild\CakeBuild.csproj", "{3E3FD6B0-EF00-4F62-8C5A-3F8A37ACAA97}"
EndProject
Project("{FAE04EC0-301F-11D3-BF4B-00C04F79EFBC}") = "CakeBuild.UnitTests", "CakeBuild.UnitTests\CakeBuild.UnitTests.csproj", "{A654B849-E22A-405E-BE3D-B0357C4212CD}"
EndProject
Global
	GlobalSection(SolutionConfigurationPlatforms) = preSolution
		Debug|Any CPU = Debug|Any CPU
		Release|Any CPU = Release|Any CPU
	EndGlobalSection
	GlobalSection(ProjectConfigurationPlatforms) = postSolution
		{3E3FD6B0-EF00-4F62-8C5A-3F8A37ACAA97}.Debug|Any CPU.ActiveCfg = Debug|Any CPU
		{3E3FD6B0-EF00-4F62-8C5A-3F8A37ACAA97}.Debug|Any CPU.Build.0 = Debug|Any CPU
		{3E3FD6B0-EF00-4F62-8C5A-3F8A37ACAA97}.Release|Any CPU.ActiveCfg = Release|Any CPU
		{3E3FD6B0-EF00-4F62-8C5A-3F8A37ACAA97}.Release|Any CPU.Build.0 = Release|Any CPU
		{A654B849-E22A-405E-BE3D-B0357C4212CD}.Debug|Any CPU.ActiveCfg = Debug|Any CPU
		{A654B849-E22A-405E-BE3D-B0357C4212CD}.Debug|Any CPU.Build.0 = Debug|Any CPU
		{A654B849-E22A-405E-BE3D-B0357C4212CD}.Release|Any CPU.ActiveCfg = Release|Any CPU
		{A654B849-E22A-405E-BE3D-B0357C4212CD}.Release|Any CPU.Build.0 = Release|Any CPU
	EndGlobalSection
	GlobalSection(SolutionProperties) = preSolution
		HideSolutionNode = FALSE
	EndGlobalSection
EndGlobal
